<Solution>
  <Folder Name="/src/">
    <Project Path="src/Aura.API/Aura.API.csproj" />
    <Project Path="src/Aura.Application/Aura.Application.csproj" />
    <Project Path="src/Aura.Domain/Aura.Domain.csproj" />
    <Project Path="src/Aura.Infrastructure/Aura.Infrastructure.csproj" />
  </Folder>
</Solution>
